
Microsoft Visual Studio Solution File, Format Version 12.00
# Visual Studio Version 17
VisualStudioVersion = 17.3.32819.101
MinimumVisualStudioVersion = 10.0.40219.1
Project("{FAE04EC0-301F-11D3-BF4B-00C04F79EFBC}") = "badappingStick", "badappingStick\badappingStick.csproj", "{3BA9FCBB-0469-402E-BDA8-D58542F5DD34}"
EndProject
Global
	GlobalSection(SolutionConfigurationPlatforms) = preSolution
		Debug|Any CPU = Debug|Any CPU
		Release|Any CPU = Release|Any CPU
	EndGlobalSection
	GlobalSection(ProjectConfigurationPlatforms) = postSolution
		{3BA9FCBB-0469-402E-BDA8-D58542F5DD34}.Debug|Any CPU.ActiveCfg = Debug|Any CPU
		{3BA9FCBB-0469-402E-BDA8-D58542F5DD34}.Debug|Any CPU.Build.0 = Debug|Any CPU
		{3BA9FCBB-0469-402E-BDA8-D58542F5DD34}.Release|Any CPU.ActiveCfg = Release|Any CPU
		{3BA9FCBB-0469-402E-BDA8-D58542F5DD34}.Release|Any CPU.Build.0 = Release|Any CPU
	EndGlobalSection
	GlobalSection(SolutionProperties) = preSolution
		HideSolutionNode = FALSE
	EndGlobalSection
	GlobalSection(ExtensibilityGlobals) = postSolution
		SolutionGuid = {9452F07F-BB40-4F9B-9F07-FBD16FA55B39}
	EndGlobalSection
EndGlobal
